
Microsoft Visual Studio Solution File, Format Version 12.00
# Visual Studio Version 17
VisualStudioVersion = 17.8.34525.116
MinimumVisualStudioVersion = 10.0.40219.1
Project("{FAE04EC0-301F-11D3-BF4B-00C04F79EFBC}") = "FactoryMethod", "FactoryMethod.csproj", "{852A9937-B3E5-462C-8D29-9FA6F2F8996B}"
EndProject
Global
	GlobalSection(SolutionConfigurationPlatforms) = preSolution
		Debug|Any CPU = Debug|Any CPU
		Release|Any CPU = Release|Any CPU
	EndGlobalSection
	GlobalSection(ProjectConfigurationPlatforms) = postSolution
		{852A9937-B3E5-462C-8D29-9FA6F2F8996B}.Debug|Any CPU.ActiveCfg = Debug|Any CPU
		{852A9937-B3E5-462C-8D29-9FA6F2F8996B}.Debug|Any CPU.Build.0 = Debug|Any CPU
		{852A9937-B3E5-462C-8D29-9FA6F2F8996B}.Release|Any CPU.ActiveCfg = Release|Any CPU
		{852A9937-B3E5-462C-8D29-9FA6F2F8996B}.Release|Any CPU.Build.0 = Release|Any CPU
	EndGlobalSection
	GlobalSection(SolutionProperties) = preSolution
		HideSolutionNode = FALSE
	EndGlobalSection
	GlobalSection(ExtensibilityGlobals) = postSolution
		SolutionGuid = {32BA817E-5B18-47DA-9324-4897A6FBE658}
	EndGlobalSection
EndGlobal
